// !$*UTF8*$!
{
	archiveVersion = 1;
	classes = {
	};
	objectVersion = 50;
	objects = {

/* Begin PBXBuildFile section */
		6638FB45220B3EA2004EB2B4 /* PasteboardMonitor.swift in Sources */ = {isa = PBXBuildFile; fileRef = 6638FB44220B3EA2004EB2B4 /* PasteboardMonitor.swift */; };
		66B322862208F13400CE7CA7 /* AppDelegate.swift in Sources */ = {isa = PBXBuildFile; fileRef = 66B322852208F13400CE7CA7 /* AppDelegate.swift */; };
		66B3228A2208F13500CE7CA7 /* Assets.xcassets in Resources */ = {isa = PBXBuildFile; fileRef = 66B322892208F13500CE7CA7 /* Assets.xcassets */; };
		66B3228D2208F13500CE7CA7 /* Main.storyboard in Resources */ = {isa = PBXBuildFile; fileRef = 66B3228B2208F13500CE7CA7 /* Main.storyboard */; };
		66B322972208F83200CE7CA7 /* TextEditViewController.swift in Sources */ = {isa = PBXBuildFile; fileRef = 66B322952208F83200CE7CA7 /* TextEditViewController.swift */; };
		66B3229B2208FA7200CE7CA7 /* NSViewController+Storyboard.swift in Sources */ = {isa = PBXBuildFile; fileRef = 66B3229A2208FA7200CE7CA7 /* NSViewController+Storyboard.swift */; };
		66C469BB22096CF4007C93EB /* EventMonitor.swift in Sources */ = {isa = PBXBuildFile; fileRef = 66C469BA22096CF4007C93EB /* EventMonitor.swift */; };
/* End PBXBuildFile section */

/* Begin PBXFileReference section */
		6638FB44220B3EA2004EB2B4 /* PasteboardMonitor.swift */ = {isa = PBXFileReference; lastKnownFileType = sourcecode.swift; path = PasteboardMonitor.swift; sourceTree = "<group>"; };
		66B322822208F13400CE7CA7 /* Clipboard-macOS.app */ = {isa = PBXFileReference; explicitFileType = wrapper.application; includeInIndex = 0; path = "Clipboard-macOS.app"; sourceTree = BUILT_PRODUCTS_DIR; };
		66B322852208F13400CE7CA7 /* AppDelegate.swift */ = {isa = PBXFileReference; lastKnownFileType = sourcecode.swift; path = AppDelegate.swift; sourceTree = "<group>"; };
		66B322892208F13500CE7CA7 /* Assets.xcassets */ = {isa = PBXFileReference; lastKnownFileType = folder.assetcatalog; path = Assets.xcassets; sourceTree = "<group>"; };
		66B3228C2208F13500CE7CA7 /* Base */ = {isa = PBXFileReference; lastKnownFileType = file.storyboard; name = Base; path = Base.lproj/Main.storyboard; sourceTree = "<group>"; };
		66B3228E2208F13500CE7CA7 /* Info.plist */ = {isa = PBXFileReference; lastKnownFileType = text.plist.xml; path = Info.plist; sourceTree = "<group>"; };
		66B3228F2208F13500CE7CA7 /* Clipboard_macOS.entitlements */ = {isa = PBXFileReference; lastKnownFileType = text.plist.entitlements; path = Clipboard_macOS.entitlements; sourceTree = "<group>"; };
		66B322952208F83200CE7CA7 /* TextEditViewController.swift */ = {isa = PBXFileReference; lastKnownFileType = sourcecode.swift; path = TextEditViewController.swift; sourceTree = "<group>"; };
		66B3229A2208FA7200CE7CA7 /* NSViewController+Storyboard.swift */ = {isa = PBXFileReference; lastKnownFileType = sourcecode.swift; path = "NSViewController+Storyboard.swift"; sourceTree = "<group>"; };
		66C469BA22096CF4007C93EB /* EventMonitor.swift */ = {isa = PBXFileReference; lastKnownFileType = sourcecode.swift; path = EventMonitor.swift; sourceTree = "<group>"; };
/* End PBXFileReference section */

/* Begin PBXFrameworksBuildPhase section */
		66B3227F2208F13400CE7CA7 /* Frameworks */ = {
			isa = PBXFrameworksBuildPhase;
			buildActionMask = 2147483647;
			files = (
			);
			runOnlyForDeploymentPostprocessing = 0;
		};
/* End PBXFrameworksBuildPhase section */

/* Begin PBXGroup section */
		66B322792208F13400CE7CA7 = {
			isa = PBXGroup;
			children = (
				66B322842208F13400CE7CA7 /* Clipboard-macOS */,
				66B322832208F13400CE7CA7 /* Products */,
			);
			sourceTree = "<group>";
		};
		66B322832208F13400CE7CA7 /* Products */ = {
			isa = PBXGroup;
			children = (
				66B322822208F13400CE7CA7 /* Clipboard-macOS.app */,
			);
			name = Products;
			sourceTree = "<group>";
		};
		66B322842208F13400CE7CA7 /* Clipboard-macOS */ = {
			isa = PBXGroup;
			children = (
				66B322852208F13400CE7CA7 /* AppDelegate.swift */,
				66C469B922096CE3007C93EB /* Components */,
				66B322992208FA6000CE7CA7 /* Extensions */,
				66B3229D2208FC5900CE7CA7 /* Resources */,
				66B3229C2208FC4700CE7CA7 /* Scenes */,
				66B3228F2208F13500CE7CA7 /* Clipboard_macOS.entitlements */,
			);
			path = "Clipboard-macOS";
			sourceTree = "<group>";
		};
		66B322992208FA6000CE7CA7 /* Extensions */ = {
			isa = PBXGroup;
			children = (
				66B3229A2208FA7200CE7CA7 /* NSViewController+Storyboard.swift */,
			);
			path = Extensions;
			sourceTree = "<group>";
		};
		66B3229C2208FC4700CE7CA7 /* Scenes */ = {
			isa = PBXGroup;
			children = (
				66B322952208F83200CE7CA7 /* TextEditViewController.swift */,
				66B3228B2208F13500CE7CA7 /* Main.storyboard */,
			);
			path = Scenes;
			sourceTree = "<group>";
		};
		66B3229D2208FC5900CE7CA7 /* Resources */ = {
			isa = PBXGroup;
			children = (
				66B322892208F13500CE7CA7 /* Assets.xcassets */,
				66B3228E2208F13500CE7CA7 /* Info.plist */,
			);
			path = Resources;
			sourceTree = "<group>";
		};
		66C469B922096CE3007C93EB /* Components */ = {
			isa = PBXGroup;
			children = (
				66C469BA22096CF4007C93EB /* EventMonitor.swift */,
				6638FB44220B3EA2004EB2B4 /* PasteboardMonitor.swift */,
			);
			path = Components;
			sourceTree = "<group>";
		};
/* End PBXGroup section */

/* Begin PBXNativeTarget section */
		66B322812208F13400CE7CA7 /* Clipboard-macOS */ = {
			isa = PBXNativeTarget;
			buildConfigurationList = 66B322922208F13500CE7CA7 /* Build configuration list for PBXNativeTarget "Clipboard-macOS" */;
			buildPhases = (
				66B3227E2208F13400CE7CA7 /* Sources */,
				66B3227F2208F13400CE7CA7 /* Frameworks */,
				66B322802208F13400CE7CA7 /* Resources */,
			);
			buildRules = (
			);
			dependencies = (
			);
			name = "Clipboard-macOS";
			productName = "Clipboard-macOS";
			productReference = 66B322822208F13400CE7CA7 /* Clipboard-macOS.app */;
			productType = "com.apple.product-type.application";
		};
/* End PBXNativeTarget section */

/* Begin PBXProject section */
		66B3227A2208F13400CE7CA7 /* Project object */ = {
			isa = PBXProject;
			attributes = {
				LastSwiftUpdateCheck = 1010;
				LastUpgradeCheck = 1010;
				ORGANIZATIONNAME = "Adam Leitgeb";
				TargetAttributes = {
					66B322812208F13400CE7CA7 = {
						CreatedOnToolsVersion = 10.1;
					};
				};
			};
			buildConfigurationList = 66B3227D2208F13400CE7CA7 /* Build configuration list for PBXProject "Clipboard-macOS" */;
			compatibilityVersion = "Xcode 9.3";
			developmentRegion = en;
			hasScannedForEncodings = 0;
			knownRegions = (
				en,
				Base,
			);
			mainGroup = 66B322792208F13400CE7CA7;
			productRefGroup = 66B322832208F13400CE7CA7 /* Products */;
			projectDirPath = "";
			projectRoot = "";
			targets = (
				66B322812208F13400CE7CA7 /* Clipboard-macOS */,
			);
		};
/* End PBXProject section */

/* Begin PBXResourcesBuildPhase section */
		66B322802208F13400CE7CA7 /* Resources */ = {
			isa = PBXResourcesBuildPhase;
			buildActionMask = 2147483647;
			files = (
				66B3228A2208F13500CE7CA7 /* Assets.xcassets in Resources */,
				66B3228D2208F13500CE7CA7 /* Main.storyboard in Resources */,
			);
			runOnlyForDeploymentPostprocessing = 0;
		};
/* End PBXResourcesBuildPhase section */

/* Begin PBXSourcesBuildPhase section */
		66B3227E2208F13400CE7CA7 /* Sources */ = {
			isa = PBXSourcesBuildPhase;
			buildActionMask = 2147483647;
			files = (
				66B3229B2208FA7200CE7CA7 /* NSViewController+Storyboard.swift in Sources */,
				66B322972208F83200CE7CA7 /* TextEditViewController.swift in Sources */,
				6638FB45220B3EA2004EB2B4 /* PasteboardMonitor.swift in Sources */,
				66B322862208F13400CE7CA7 /* AppDelegate.swift in Sources */,
				66C469BB22096CF4007C93EB /* EventMonitor.swift in Sources */,
			);
			runOnlyForDeploymentPostprocessing = 0;
		};
/* End PBXSourcesBuildPhase section */

/* Begin PBXVariantGroup section */
		66B3228B2208F13500CE7CA7 /* Main.storyboard */ = {
			isa = PBXVariantGroup;
			children = (
				66B3228C2208F13500CE7CA7 /* Base */,
			);
			name = Main.storyboard;
			sourceTree = "<group>";
		};
/* End PBXVariantGroup section */

/* Begin XCBuildConfiguration section */
		66B322902208F13500CE7CA7 /* Debug */ = {
			isa = XCBuildConfiguration;
			buildSettings = {
				ALWAYS_SEARCH_USER_PATHS = NO;
				CLANG_ANALYZER_NONNULL = YES;
				CLANG_ANALYZER_NUMBER_OBJECT_CONVERSION = YES_AGGRESSIVE;
				CLANG_CXX_LANGUAGE_STANDARD = "gnu++14";
				CLANG_CXX_LIBRARY = "libc++";
				CLANG_ENABLE_MODULES = YES;
				CLANG_ENABLE_OBJC_ARC = YES;
				CLANG_ENABLE_OBJC_WEAK = YES;
				CLANG_WARN_BLOCK_CAPTURE_AUTORELEASING = YES;
				CLANG_WARN_BOOL_CONVERSION = YES;
				CLANG_WARN_COMMA = YES;
				CLANG_WARN_CONSTANT_CONVERSION = YES;
				CLANG_WARN_DEPRECATED_OBJC_IMPLEMENTATIONS = YES;
				CLANG_WARN_DIRECT_OBJC_ISA_USAGE = YES_ERROR;
				CLANG_WARN_DOCUMENTATION_COMMENTS = YES;
				CLANG_WARN_EMPTY_BODY = YES;
				CLANG_WARN_ENUM_CONVERSION = YES;
				CLANG_WARN_INFINITE_RECURSION = YES;
				CLANG_WARN_INT_CONVERSION = YES;
				CLANG_WARN_NON_LITERAL_NULL_CONVERSION = YES;
				CLANG_WARN_OBJC_IMPLICIT_RETAIN_SELF = YES;
				CLANG_WARN_OBJC_LITERAL_CONVERSION = YES;
				CLANG_WARN_OBJC_ROOT_CLASS = YES_ERROR;
				CLANG_WARN_RANGE_LOOP_ANALYSIS = YES;
				CLANG_WARN_STRICT_PROTOTYPES = YES;
				CLANG_WARN_SUSPICIOUS_MOVE = YES;
				CLANG_WARN_UNGUARDED_AVAILABILITY = YES_AGGRESSIVE;
				CLANG_WARN_UNREACHABLE_CODE = YES;
				CLANG_WARN__DUPLICATE_METHOD_MATCH = YES;
				CODE_SIGN_IDENTITY = "Mac Developer";
				COPY_PHASE_STRIP = NO;
				DEBUG_INFORMATION_FORMAT = dwarf;
				ENABLE_STRICT_OBJC_MSGSEND = YES;
				ENABLE_TESTABILITY = YES;
				GCC_C_LANGUAGE_STANDARD = gnu11;
				GCC_DYNAMIC_NO_PIC = NO;
				GCC_NO_COMMON_BLOCKS = YES;
				GCC_OPTIMIZATION_LEVEL = 0;
				GCC_PREPROCESSOR_DEFINITIONS = (
					"DEBUG=1",
					"$(inherited)",
				);
				GCC_WARN_64_TO_32_BIT_CONVERSION = YES;
				GCC_WARN_ABOUT_RETURN_TYPE = YES_ERROR;
				GCC_WARN_UNDECLARED_SELECTOR = YES;
				GCC_WARN_UNINITIALIZED_AUTOS = YES_AGGRESSIVE;
				GCC_WARN_UNUSED_FUNCTION = YES;
				GCC_WARN_UNUSED_VARIABLE = YES;
				MACOSX_DEPLOYMENT_TARGET = 10.14;
				MTL_ENABLE_DEBUG_INFO = INCLUDE_SOURCE;
				MTL_FAST_MATH = YES;
				ONLY_ACTIVE_ARCH = YES;
				SDKROOT = macosx;
				SWIFT_ACTIVE_COMPILATION_CONDITIONS = DEBUG;
				SWIFT_OPTIMIZATION_LEVEL = "-Onone";
			};
			name = Debug;
		};
		66B322912208F13500CE7CA7 /* Release */ = {
			isa = XCBuildConfiguration;
			buildSettings = {
				ALWAYS_SEARCH_USER_PATHS = NO;
				CLANG_ANALYZER_NONNULL = YES;
				CLANG_ANALYZER_NUMBER_OBJECT_CONVERSION = YES_AGGRESSIVE;
				CLANG_CXX_LANGUAGE_STANDARD = "gnu++14";
				CLANG_CXX_LIBRARY = "libc++";
				CLANG_ENABLE_MODULES = YES;
				CLANG_ENABLE_OBJC_ARC = YES;
				CLANG_ENABLE_OBJC_WEAK = YES;
				CLANG_WARN_BLOCK_CAPTURE_AUTORELEASING = YES;
				CLANG_WARN_BOOL_CONVERSION = YES;
				CLANG_WARN_COMMA = YES;
				CLANG_WARN_CONSTANT_CONVERSION = YES;
				CLANG_WARN_DEPRECATED_OBJC_IMPLEMENTATIONS = YES;
				CLANG_WARN_DIRECT_OBJC_ISA_USAGE = YES_ERROR;
				CLANG_WARN_DOCUMENTATION_COMMENTS = YES;
				CLANG_WARN_EMPTY_BODY = YES;
				CLANG_WARN_ENUM_CONVERSION = YES;
				CLANG_WARN_INFINITE_RECURSION = YES;
				CLANG_WARN_INT_CONVERSION = YES;
				CLANG_WARN_NON_LITERAL_NULL_CONVERSION = YES;
				CLANG_WARN_OBJC_IMPLICIT_RETAIN_SELF = YES;
				CLANG_WARN_OBJC_LITERAL_CONVERSION = YES;
				CLANG_WARN_OBJC_ROOT_CLASS = YES_ERROR;
				CLANG_WARN_RANGE_LOOP_ANALYSIS = YES;
				CLANG_WARN_STRICT_PROTOTYPES = YES;
				CLANG_WARN_SUSPICIOUS_MOVE = YES;
				CLANG_WARN_UNGUARDED_AVAILABILITY = YES_AGGRESSIVE;
				CLANG_WARN_UNREACHABLE_CODE = YES;
				CLANG_WARN__DUPLICATE_METHOD_MATCH = YES;
				CODE_SIGN_IDENTITY = "Mac Developer";
				COPY_PHASE_STRIP = NO;
				DEBUG_INFORMATION_FORMAT = "dwarf-with-dsym";
				ENABLE_NS_ASSERTIONS = NO;
				ENABLE_STRICT_OBJC_MSGSEND = YES;
				GCC_C_LANGUAGE_STANDARD = gnu11;
				GCC_NO_COMMON_BLOCKS = YES;
				GCC_WARN_64_TO_32_BIT_CONVERSION = YES;
				GCC_WARN_ABOUT_RETURN_TYPE = YES_ERROR;
				GCC_WARN_UNDECLARED_SELECTOR = YES;
				GCC_WARN_UNINITIALIZED_AUTOS = YES_AGGRESSIVE;
				GCC_WARN_UNUSED_FUNCTION = YES;
				GCC_WARN_UNUSED_VARIABLE = YES;
				MACOSX_DEPLOYMENT_TARGET = 10.14;
				MTL_ENABLE_DEBUG_INFO = NO;
				MTL_FAST_MATH = YES;
				SDKROOT = macosx;
				SWIFT_COMPILATION_MODE = wholemodule;
				SWIFT_OPTIMIZATION_LEVEL = "-O";
			};
			name = Release;
		};
		66B322932208F13500CE7CA7 /* Debug */ = {
			isa = XCBuildConfiguration;
			buildSettings = {
				ASSETCATALOG_COMPILER_APPICON_NAME = AppIcon;
				CODE_SIGN_ENTITLEMENTS = "Clipboard-macOS/Clipboard_macOS.entitlements";
				CODE_SIGN_STYLE = Automatic;
				COMBINE_HIDPI_IMAGES = YES;
				DEVELOPMENT_TEAM = Z4V2RBG4M7;
				INFOPLIST_FILE = "$(SRCROOT)/Clipboard-macOS/Resources/Info.plist";
				LD_RUNPATH_SEARCH_PATHS = (
					"$(inherited)",
					"@executable_path/../Frameworks",
				);
				PRODUCT_BUNDLE_IDENTIFIER = "io.leitgeb.Clipboard-macOS";
				PRODUCT_NAME = "$(TARGET_NAME)";
				SWIFT_VERSION = 4.2;
			};
			name = Debug;
		};
		66B322942208F13500CE7CA7 /* Release */ = {
			isa = XCBuildConfiguration;
			buildSettings = {
				ASSETCATALOG_COMPILER_APPICON_NAME = AppIcon;
				CODE_SIGN_ENTITLEMENTS = "Clipboard-macOS/Clipboard_macOS.entitlements";
				CODE_SIGN_STYLE = Automatic;
				COMBINE_HIDPI_IMAGES = YES;
				DEVELOPMENT_TEAM = Z4V2RBG4M7;
				INFOPLIST_FILE = "$(SRCROOT)/Clipboard-macOS/Resources/Info.plist";
				LD_RUNPATH_SEARCH_PATHS = (
					"$(inherited)",
					"@executable_path/../Frameworks",
				);
				PRODUCT_BUNDLE_IDENTIFIER = "io.leitgeb.Clipboard-macOS";
				PRODUCT_NAME = "$(TARGET_NAME)";
				SWIFT_VERSION = 4.2;
			};
			name = Release;
		};
/* End XCBuildConfiguration section */

/* Begin XCConfigurationList section */
		66B3227D2208F13400CE7CA7 /* Build configuration list for PBXProject "Clipboard-macOS" */ = {
			isa = XCConfigurationList;
			buildConfigurations = (
				66B322902208F13500CE7CA7 /* Debug */,
				66B322912208F13500CE7CA7 /* Release */,
			);
			defaultConfigurationIsVisible = 0;
			defaultConfigurationName = Release;
		};
		66B322922208F13500CE7CA7 /* Build configuration list for PBXNativeTarget "Clipboard-macOS" */ = {
			isa = XCConfigurationList;
			buildConfigurations = (
				66B322932208F13500CE7CA7 /* Debug */,
				66B322942208F13500CE7CA7 /* Release */,
			);
			defaultConfigurationIsVisible = 0;
			defaultConfigurationName = Release;
		};
/* End XCConfigurationList section */
	};
	rootObject = 66B3227A2208F13400CE7CA7 /* Project object */;
}
